
Microsoft Visual Studio Solution File, Format Version 12.00
# Visual Studio Version 16
VisualStudioVersion = 16.0.31019.35
MinimumVisualStudioVersion = 10.0.40219.1
Project("{8BC9CEB8-8B4A-11D0-8D11-00A0C91BC942}") = "PixelWolf", "PixelWolf.vcxproj", "{53FF9EB7-7AC4-4843-AD5A-6122C8196796}"
	ProjectSection(ProjectDependencies) = postProject
		{1622514E-F5A8-3FFB-9C25-27F3404C5EA1} = {1622514E-F5A8-3FFB-9C25-27F3404C5EA1}
		{130F49F0-CA16-348E-866E-E65B33BFE117} = {130F49F0-CA16-348E-866E-E65B33BFE117}
	EndProjectSection
EndProject
Project("{8BC9CEB8-8B4A-11D0-8D11-00A0C91BC942}") = "lua", "3rdparty\vsbuild\Lua\lua.vcxproj", "{130F49F0-CA16-348E-866E-E65B33BFE117}"
EndProject
Project("{8BC9CEB8-8B4A-11D0-8D11-00A0C91BC942}") = "physfs-static", "3rdparty\vsbuild\physfs\physfs-static.vcxproj", "{1622514E-F5A8-3FFB-9C25-27F3404C5EA1}"
EndProject
Global
	GlobalSection(SolutionConfigurationPlatforms) = preSolution
		Debug|x64 = Debug|x64
		Debug|x86 = Debug|x86
		MinSizeRel|x64 = MinSizeRel|x64
		MinSizeRel|x86 = MinSizeRel|x86
		Release|x64 = Release|x64
		Release|x86 = Release|x86
		RelWithDebInfo|x64 = RelWithDebInfo|x64
		RelWithDebInfo|x86 = RelWithDebInfo|x86
	EndGlobalSection
	GlobalSection(ProjectConfigurationPlatforms) = postSolution
		{53FF9EB7-7AC4-4843-AD5A-6122C8196796}.Debug|x64.ActiveCfg = Debug|x64
		{53FF9EB7-7AC4-4843-AD5A-6122C8196796}.Debug|x64.Build.0 = Debug|x64
		{53FF9EB7-7AC4-4843-AD5A-6122C8196796}.Debug|x86.ActiveCfg = Debug|Win32
		{53FF9EB7-7AC4-4843-AD5A-6122C8196796}.Debug|x86.Build.0 = Debug|Win32
		{53FF9EB7-7AC4-4843-AD5A-6122C8196796}.MinSizeRel|x64.ActiveCfg = RelWithDebInfo|x64
		{53FF9EB7-7AC4-4843-AD5A-6122C8196796}.MinSizeRel|x64.Build.0 = RelWithDebInfo|x64
		{53FF9EB7-7AC4-4843-AD5A-6122C8196796}.MinSizeRel|x86.ActiveCfg = RelWithDebInfo|Win32
		{53FF9EB7-7AC4-4843-AD5A-6122C8196796}.MinSizeRel|x86.Build.0 = RelWithDebInfo|Win32
		{53FF9EB7-7AC4-4843-AD5A-6122C8196796}.Release|x64.ActiveCfg = Release|x64
		{53FF9EB7-7AC4-4843-AD5A-6122C8196796}.Release|x64.Build.0 = Release|x64
		{53FF9EB7-7AC4-4843-AD5A-6122C8196796}.Release|x86.ActiveCfg = Release|Win32
		{53FF9EB7-7AC4-4843-AD5A-6122C8196796}.Release|x86.Build.0 = Release|Win32
		{53FF9EB7-7AC4-4843-AD5A-6122C8196796}.RelWithDebInfo|x64.ActiveCfg = RelWithDebInfo|x64
		{53FF9EB7-7AC4-4843-AD5A-6122C8196796}.RelWithDebInfo|x64.Build.0 = RelWithDebInfo|x64
		{53FF9EB7-7AC4-4843-AD5A-6122C8196796}.RelWithDebInfo|x86.ActiveCfg = RelWithDebInfo|Win32
		{53FF9EB7-7AC4-4843-AD5A-6122C8196796}.RelWithDebInfo|x86.Build.0 = RelWithDebInfo|Win32
		{130F49F0-CA16-348E-866E-E65B33BFE117}.Debug|x64.ActiveCfg = Debug|x64
		{130F49F0-CA16-348E-866E-E65B33BFE117}.Debug|x64.Build.0 = Debug|x64
		{130F49F0-CA16-348E-866E-E65B33BFE117}.Debug|x86.ActiveCfg = Debug|x64
		{130F49F0-CA16-348E-866E-E65B33BFE117}.MinSizeRel|x64.ActiveCfg = MinSizeRel|x64
		{130F49F0-CA16-348E-866E-E65B33BFE117}.MinSizeRel|x64.Build.0 = MinSizeRel|x64
		{130F49F0-CA16-348E-866E-E65B33BFE117}.MinSizeRel|x86.ActiveCfg = MinSizeRel|x64
		{130F49F0-CA16-348E-866E-E65B33BFE117}.Release|x64.ActiveCfg = Release|x64
		{130F49F0-CA16-348E-866E-E65B33BFE117}.Release|x64.Build.0 = Release|x64
		{130F49F0-CA16-348E-866E-E65B33BFE117}.Release|x86.ActiveCfg = Release|x64
		{130F49F0-CA16-348E-866E-E65B33BFE117}.RelWithDebInfo|x64.ActiveCfg = RelWithDebInfo|x64
		{130F49F0-CA16-348E-866E-E65B33BFE117}.RelWithDebInfo|x64.Build.0 = RelWithDebInfo|x64
		{130F49F0-CA16-348E-866E-E65B33BFE117}.RelWithDebInfo|x86.ActiveCfg = RelWithDebInfo|x64
		{1622514E-F5A8-3FFB-9C25-27F3404C5EA1}.Debug|x64.ActiveCfg = Debug|x64
		{1622514E-F5A8-3FFB-9C25-27F3404C5EA1}.Debug|x64.Build.0 = Debug|x64
		{1622514E-F5A8-3FFB-9C25-27F3404C5EA1}.Debug|x86.ActiveCfg = Debug|x64
		{1622514E-F5A8-3FFB-9C25-27F3404C5EA1}.MinSizeRel|x64.ActiveCfg = MinSizeRel|x64
		{1622514E-F5A8-3FFB-9C25-27F3404C5EA1}.MinSizeRel|x64.Build.0 = MinSizeRel|x64
		{1622514E-F5A8-3FFB-9C25-27F3404C5EA1}.MinSizeRel|x86.ActiveCfg = MinSizeRel|x64
		{1622514E-F5A8-3FFB-9C25-27F3404C5EA1}.Release|x64.ActiveCfg = Release|x64
		{1622514E-F5A8-3FFB-9C25-27F3404C5EA1}.Release|x64.Build.0 = Release|x64
		{1622514E-F5A8-3FFB-9C25-27F3404C5EA1}.Release|x86.ActiveCfg = Release|x64
		{1622514E-F5A8-3FFB-9C25-27F3404C5EA1}.RelWithDebInfo|x64.ActiveCfg = RelWithDebInfo|x64
		{1622514E-F5A8-3FFB-9C25-27F3404C5EA1}.RelWithDebInfo|x64.Build.0 = RelWithDebInfo|x64
		{1622514E-F5A8-3FFB-9C25-27F3404C5EA1}.RelWithDebInfo|x86.ActiveCfg = RelWithDebInfo|x64
	EndGlobalSection
	GlobalSection(SolutionProperties) = preSolution
		HideSolutionNode = FALSE
	EndGlobalSection
	GlobalSection(ExtensibilityGlobals) = postSolution
		SolutionGuid = {852B9E6D-FEEE-4688-B2C3-2C17D2DBD92C}
	EndGlobalSection
EndGlobal
